// !$*UTF8*$!
{
	archiveVersion = 1;
	classes = {
	};
	objectVersion = 51;
	objects = {

/* Begin PBXBuildFile section */
		B604DCEE2605D8BA00B14088 /* PostCell.swift in Sources */ = {isa = PBXBuildFile; fileRef = B604DCED2605D8BA00B14088 /* PostCell.swift */; };
		B662207B260F0A3C00E62D51 /* CommentCell.swift in Sources */ = {isa = PBXBuildFile; fileRef = B662207A260F0A3C00E62D51 /* CommentCell.swift */; };
		B6E6FB992605B5EC000E7917 /* AppDelegate.swift in Sources */ = {isa = PBXBuildFile; fileRef = B6E6FB982605B5EC000E7917 /* AppDelegate.swift */; };
		B6E6FB9B2605B5EC000E7917 /* SceneDelegate.swift in Sources */ = {isa = PBXBuildFile; fileRef = B6E6FB9A2605B5EC000E7917 /* SceneDelegate.swift */; };
		B6E6FBA02605B5EC000E7917 /* Main.storyboard in Resources */ = {isa = PBXBuildFile; fileRef = B6E6FB9E2605B5EC000E7917 /* Main.storyboard */; };
		B6E6FBA22605B5EF000E7917 /* Assets.xcassets in Resources */ = {isa = PBXBuildFile; fileRef = B6E6FBA12605B5EF000E7917 /* Assets.xcassets */; };
		B6E6FBA52605B5EF000E7917 /* LaunchScreen.storyboard in Resources */ = {isa = PBXBuildFile; fileRef = B6E6FBA32605B5EF000E7917 /* LaunchScreen.storyboard */; };
		B6E6FBB02605B5EF000E7917 /* ParstagramTests.swift in Sources */ = {isa = PBXBuildFile; fileRef = B6E6FBAF2605B5EF000E7917 /* ParstagramTests.swift */; };
		B6E6FBBB2605B5EF000E7917 /* ParstagramUITests.swift in Sources */ = {isa = PBXBuildFile; fileRef = B6E6FBBA2605B5EF000E7917 /* ParstagramUITests.swift */; };
		B6E6FBDB2605B90D000E7917 /* LoginViewController.swift in Sources */ = {isa = PBXBuildFile; fileRef = B6E6FBDA2605B90D000E7917 /* LoginViewController.swift */; };
		B6E6FBE02605B926000E7917 /* FeedViewController.swift in Sources */ = {isa = PBXBuildFile; fileRef = B6E6FBDF2605B926000E7917 /* FeedViewController.swift */; };
		B6E6FBE52605C469000E7917 /* CameraViewController.swift in Sources */ = {isa = PBXBuildFile; fileRef = B6E6FBE42605C469000E7917 /* CameraViewController.swift */; };
		C058E26F29CF8A676E919530 /* Pods_Parstagram_ParstagramUITests.framework in Frameworks */ = {isa = PBXBuildFile; fileRef = 88DE9E239E4C1844A3671C03 /* Pods_Parstagram_ParstagramUITests.framework */; };
		DDBD0AAC838D233C512BA8B4 /* Pods_ParstagramTests.framework in Frameworks */ = {isa = PBXBuildFile; fileRef = C641F3FDA12405DE8499E714 /* Pods_ParstagramTests.framework */; };
		E8B55D39F4C4B92E93DCBDEE /* Pods_Parstagram.framework in Frameworks */ = {isa = PBXBuildFile; fileRef = A8E1A60FB907324345555DE9 /* Pods_Parstagram.framework */; };
/* End PBXBuildFile section */

/* Begin PBXContainerItemProxy section */
		B6E6FBAC2605B5EF000E7917 /* PBXContainerItemProxy */ = {
			isa = PBXContainerItemProxy;
			containerPortal = B6E6FB8D2605B5EC000E7917 /* Project object */;
			proxyType = 1;
			remoteGlobalIDString = B6E6FB942605B5EC000E7917;
			remoteInfo = Parstagram;
		};
		B6E6FBB72605B5EF000E7917 /* PBXContainerItemProxy */ = {
			isa = PBXContainerItemProxy;
			containerPortal = B6E6FB8D2605B5EC000E7917 /* Project object */;
			proxyType = 1;
			remoteGlobalIDString = B6E6FB942605B5EC000E7917;
			remoteInfo = Parstagram;
		};
/* End PBXContainerItemProxy section */

/* Begin PBXFileReference section */
		4145CC594793CB070AB90166 /* Pods-Parstagram.debug.xcconfig */ = {isa = PBXFileReference; includeInIndex = 1; lastKnownFileType = text.xcconfig; name = "Pods-Parstagram.debug.xcconfig"; path = "Target Support Files/Pods-Parstagram/Pods-Parstagram.debug.xcconfig"; sourceTree = "<group>"; };
		88DE9E239E4C1844A3671C03 /* Pods_Parstagram_ParstagramUITests.framework */ = {isa = PBXFileReference; explicitFileType = wrapper.framework; includeInIndex = 0; path = Pods_Parstagram_ParstagramUITests.framework; sourceTree = BUILT_PRODUCTS_DIR; };
		970F6207317929F1109E979C /* Pods-ParstagramTests.release.xcconfig */ = {isa = PBXFileReference; includeInIndex = 1; lastKnownFileType = text.xcconfig; name = "Pods-ParstagramTests.release.xcconfig"; path = "Target Support Files/Pods-ParstagramTests/Pods-ParstagramTests.release.xcconfig"; sourceTree = "<group>"; };
		981E3760C0770761E4347D9E /* Pods-Parstagram-ParstagramUITests.release.xcconfig */ = {isa = PBXFileReference; includeInIndex = 1; lastKnownFileType = text.xcconfig; name = "Pods-Parstagram-ParstagramUITests.release.xcconfig"; path = "Target Support Files/Pods-Parstagram-ParstagramUITests/Pods-Parstagram-ParstagramUITests.release.xcconfig"; sourceTree = "<group>"; };
		9B1BB1924283BEB39E95D6A0 /* Pods-ParstagramTests.debug.xcconfig */ = {isa = PBXFileReference; includeInIndex = 1; lastKnownFileType = text.xcconfig; name = "Pods-ParstagramTests.debug.xcconfig"; path = "Target Support Files/Pods-ParstagramTests/Pods-ParstagramTests.debug.xcconfig"; sourceTree = "<group>"; };
		A1A0ACEE43087A3422AD465B /* Pods-Parstagram-ParstagramUITests.debug.xcconfig */ = {isa = PBXFileReference; includeInIndex = 1; lastKnownFileType = text.xcconfig; name = "Pods-Parstagram-ParstagramUITests.debug.xcconfig"; path = "Target Support Files/Pods-Parstagram-ParstagramUITests/Pods-Parstagram-ParstagramUITests.debug.xcconfig"; sourceTree = "<group>"; };
		A8E1A60FB907324345555DE9 /* Pods_Parstagram.framework */ = {isa = PBXFileReference; explicitFileType = wrapper.framework; includeInIndex = 0; path = Pods_Parstagram.framework; sourceTree = BUILT_PRODUCTS_DIR; };
		B2739D4102AEA6712C0516C0 /* Pods-Parstagram.release.xcconfig */ = {isa = PBXFileReference; includeInIndex = 1; lastKnownFileType = text.xcconfig; name = "Pods-Parstagram.release.xcconfig"; path = "Target Support Files/Pods-Parstagram/Pods-Parstagram.release.xcconfig"; sourceTree = "<group>"; };
		B604DCED2605D8BA00B14088 /* PostCell.swift */ = {isa = PBXFileReference; lastKnownFileType = sourcecode.swift; path = PostCell.swift; sourceTree = "<group>"; };
		B662207A260F0A3C00E62D51 /* CommentCell.swift */ = {isa = PBXFileReference; lastKnownFileType = sourcecode.swift; path = CommentCell.swift; sourceTree = "<group>"; };
		B6E6FB952605B5EC000E7917 /* Parstagram.app */ = {isa = PBXFileReference; explicitFileType = wrapper.application; includeInIndex = 0; path = Parstagram.app; sourceTree = BUILT_PRODUCTS_DIR; };
		B6E6FB982605B5EC000E7917 /* AppDelegate.swift */ = {isa = PBXFileReference; lastKnownFileType = sourcecode.swift; path = AppDelegate.swift; sourceTree = "<group>"; };
		B6E6FB9A2605B5EC000E7917 /* SceneDelegate.swift */ = {isa = PBXFileReference; lastKnownFileType = sourcecode.swift; path = SceneDelegate.swift; sourceTree = "<group>"; };
		B6E6FB9F2605B5EC000E7917 /* Base */ = {isa = PBXFileReference; lastKnownFileType = file.storyboard; name = Base; path = Base.lproj/Main.storyboard; sourceTree = "<group>"; };
		B6E6FBA12605B5EF000E7917 /* Assets.xcassets */ = {isa = PBXFileReference; lastKnownFileType = folder.assetcatalog; path = Assets.xcassets; sourceTree = "<group>"; };
		B6E6FBA42605B5EF000E7917 /* Base */ = {isa = PBXFileReference; lastKnownFileType = file.storyboard; name = Base; path = Base.lproj/LaunchScreen.storyboard; sourceTree = "<group>"; };
		B6E6FBA62605B5EF000E7917 /* Info.plist */ = {isa = PBXFileReference; lastKnownFileType = text.plist.xml; path = Info.plist; sourceTree = "<group>"; };
		B6E6FBAB2605B5EF000E7917 /* ParstagramTests.xctest */ = {isa = PBXFileReference; explicitFileType = wrapper.cfbundle; includeInIndex = 0; path = ParstagramTests.xctest; sourceTree = BUILT_PRODUCTS_DIR; };
		B6E6FBAF2605B5EF000E7917 /* ParstagramTests.swift */ = {isa = PBXFileReference; lastKnownFileType = sourcecode.swift; path = ParstagramTests.swift; sourceTree = "<group>"; };
		B6E6FBB12605B5EF000E7917 /* Info.plist */ = {isa = PBXFileReference; lastKnownFileType = text.plist.xml; path = Info.plist; sourceTree = "<group>"; };
		B6E6FBB62605B5EF000E7917 /* ParstagramUITests.xctest */ = {isa = PBXFileReference; explicitFileType = wrapper.cfbundle; includeInIndex = 0; path = ParstagramUITests.xctest; sourceTree = BUILT_PRODUCTS_DIR; };
		B6E6FBBA2605B5EF000E7917 /* ParstagramUITests.swift */ = {isa = PBXFileReference; lastKnownFileType = sourcecode.swift; path = ParstagramUITests.swift; sourceTree = "<group>"; };
		B6E6FBBC2605B5EF000E7917 /* Info.plist */ = {isa = PBXFileReference; lastKnownFileType = text.plist.xml; path = Info.plist; sourceTree = "<group>"; };
		B6E6FBDA2605B90D000E7917 /* LoginViewController.swift */ = {isa = PBXFileReference; lastKnownFileType = sourcecode.swift; path = LoginViewController.swift; sourceTree = "<group>"; };
		B6E6FBDF2605B926000E7917 /* FeedViewController.swift */ = {isa = PBXFileReference; lastKnownFileType = sourcecode.swift; path = FeedViewController.swift; sourceTree = "<group>"; };
		B6E6FBE42605C469000E7917 /* CameraViewController.swift */ = {isa = PBXFileReference; lastKnownFileType = sourcecode.swift; path = CameraViewController.swift; sourceTree = "<group>"; };
		C641F3FDA12405DE8499E714 /* Pods_ParstagramTests.framework */ = {isa = PBXFileReference; explicitFileType = wrapper.framework; includeInIndex = 0; path = Pods_ParstagramTests.framework; sourceTree = BUILT_PRODUCTS_DIR; };
/* End PBXFileReference section */

/* Begin PBXFrameworksBuildPhase section */
		B6E6FB922605B5EC000E7917 /* Frameworks */ = {
			isa = PBXFrameworksBuildPhase;
			buildActionMask = 2147483647;
			files = (
				E8B55D39F4C4B92E93DCBDEE /* Pods_Parstagram.framework in Frameworks */,
			);
			runOnlyForDeploymentPostprocessing = 0;
		};
		B6E6FBA82605B5EF000E7917 /* Frameworks */ = {
			isa = PBXFrameworksBuildPhase;
			buildActionMask = 2147483647;
			files = (
				DDBD0AAC838D233C512BA8B4 /* Pods_ParstagramTests.framework in Frameworks */,
			);
			runOnlyForDeploymentPostprocessing = 0;
		};
		B6E6FBB32605B5EF000E7917 /* Frameworks */ = {
			isa = PBXFrameworksBuildPhase;
			buildActionMask = 2147483647;
			files = (
				C058E26F29CF8A676E919530 /* Pods_Parstagram_ParstagramUITests.framework in Frameworks */,
			);
			runOnlyForDeploymentPostprocessing = 0;
		};
/* End PBXFrameworksBuildPhase section */

/* Begin PBXGroup section */
		B6E6FB8C2605B5EC000E7917 = {
			isa = PBXGroup;
			children = (
				B6E6FB972605B5EC000E7917 /* Parstagram */,
				B6E6FBAE2605B5EF000E7917 /* ParstagramTests */,
				B6E6FBB92605B5EF000E7917 /* ParstagramUITests */,
				B6E6FB962605B5EC000E7917 /* Products */,
				C34DDF591C11252DFC010A60 /* Pods */,
				E383FE6281B8519E78EC8091 /* Frameworks */,
			);
			sourceTree = "<group>";
		};
		B6E6FB962605B5EC000E7917 /* Products */ = {
			isa = PBXGroup;
			children = (
				B6E6FB952605B5EC000E7917 /* Parstagram.app */,
				B6E6FBAB2605B5EF000E7917 /* ParstagramTests.xctest */,
				B6E6FBB62605B5EF000E7917 /* ParstagramUITests.xctest */,
			);
			name = Products;
			sourceTree = "<group>";
		};
		B6E6FB972605B5EC000E7917 /* Parstagram */ = {
			isa = PBXGroup;
			children = (
				B6E6FB982605B5EC000E7917 /* AppDelegate.swift */,
				B6E6FB9A2605B5EC000E7917 /* SceneDelegate.swift */,
				B6E6FB9E2605B5EC000E7917 /* Main.storyboard */,
				B6E6FBA12605B5EF000E7917 /* Assets.xcassets */,
				B6E6FBA32605B5EF000E7917 /* LaunchScreen.storyboard */,
				B6E6FBA62605B5EF000E7917 /* Info.plist */,
				B6E6FBDA2605B90D000E7917 /* LoginViewController.swift */,
				B6E6FBDF2605B926000E7917 /* FeedViewController.swift */,
				B6E6FBE42605C469000E7917 /* CameraViewController.swift */,
				B604DCED2605D8BA00B14088 /* PostCell.swift */,
				B662207A260F0A3C00E62D51 /* CommentCell.swift */,
			);
			path = Parstagram;
			sourceTree = "<group>";
		};
		B6E6FBAE2605B5EF000E7917 /* ParstagramTests */ = {
			isa = PBXGroup;
			children = (
				B6E6FBAF2605B5EF000E7917 /* ParstagramTests.swift */,
				B6E6FBB12605B5EF000E7917 /* Info.plist */,
			);
			path = ParstagramTests;
			sourceTree = "<group>";
		};
		B6E6FBB92605B5EF000E7917 /* ParstagramUITests */ = {
			isa = PBXGroup;
			children = (
				B6E6FBBA2605B5EF000E7917 /* ParstagramUITests.swift */,
				B6E6FBBC2605B5EF000E7917 /* Info.plist */,
			);
			path = ParstagramUITests;
			sourceTree = "<group>";
		};
		C34DDF591C11252DFC010A60 /* Pods */ = {
			isa = PBXGroup;
			children = (
				4145CC594793CB070AB90166 /* Pods-Parstagram.debug.xcconfig */,
				B2739D4102AEA6712C0516C0 /* Pods-Parstagram.release.xcconfig */,
				A1A0ACEE43087A3422AD465B /* Pods-Parstagram-ParstagramUITests.debug.xcconfig */,
				981E3760C0770761E4347D9E /* Pods-Parstagram-ParstagramUITests.release.xcconfig */,
				9B1BB1924283BEB39E95D6A0 /* Pods-ParstagramTests.debug.xcconfig */,
				970F6207317929F1109E979C /* Pods-ParstagramTests.release.xcconfig */,
			);
			path = Pods;
			sourceTree = "<group>";
		};
		E383FE6281B8519E78EC8091 /* Frameworks */ = {
			isa = PBXGroup;
			children = (
				A8E1A60FB907324345555DE9 /* Pods_Parstagram.framework */,
				88DE9E239E4C1844A3671C03 /* Pods_Parstagram_ParstagramUITests.framework */,
				C641F3FDA12405DE8499E714 /* Pods_ParstagramTests.framework */,
			);
			name = Frameworks;
			sourceTree = "<group>";
		};
/* End PBXGroup section */

/* Begin PBXNativeTarget section */
		B6E6FB942605B5EC000E7917 /* Parstagram */ = {
			isa = PBXNativeTarget;
			buildConfigurationList = B6E6FBBF2605B5EF000E7917 /* Build configuration list for PBXNativeTarget "Parstagram" */;
			buildPhases = (
				CEE862D5A4094ABE5BAD48D0 /* [CP] Check Pods Manifest.lock */,
				B6E6FB912605B5EC000E7917 /* Sources */,
				B6E6FB922605B5EC000E7917 /* Frameworks */,
				B6E6FB932605B5EC000E7917 /* Resources */,
				D5F47E08D2A2D673F78CE6CB /* [CP] Embed Pods Frameworks */,
			);
			buildRules = (
			);
			dependencies = (
			);
			name = Parstagram;
			productName = Parstagram;
			productReference = B6E6FB952605B5EC000E7917 /* Parstagram.app */;
			productType = "com.apple.product-type.application";
		};
		B6E6FBAA2605B5EF000E7917 /* ParstagramTests */ = {
			isa = PBXNativeTarget;
			buildConfigurationList = B6E6FBC22605B5EF000E7917 /* Build configuration list for PBXNativeTarget "ParstagramTests" */;
			buildPhases = (
				5D473D316DBE285B39C09DF0 /* [CP] Check Pods Manifest.lock */,
				B6E6FBA72605B5EF000E7917 /* Sources */,
				B6E6FBA82605B5EF000E7917 /* Frameworks */,
				B6E6FBA92605B5EF000E7917 /* Resources */,
			);
			buildRules = (
			);
			dependencies = (
				B6E6FBAD2605B5EF000E7917 /* PBXTargetDependency */,
			);
			name = ParstagramTests;
			productName = ParstagramTests;
			productReference = B6E6FBAB2605B5EF000E7917 /* ParstagramTests.xctest */;
			productType = "com.apple.product-type.bundle.unit-test";
		};
		B6E6FBB52605B5EF000E7917 /* ParstagramUITests */ = {
			isa = PBXNativeTarget;
			buildConfigurationList = B6E6FBC52605B5EF000E7917 /* Build configuration list for PBXNativeTarget "ParstagramUITests" */;
			buildPhases = (
				8686841A5DBEA09C2E4FE7CE /* [CP] Check Pods Manifest.lock */,
				B6E6FBB22605B5EF000E7917 /* Sources */,
				B6E6FBB32605B5EF000E7917 /* Frameworks */,
				B6E6FBB42605B5EF000E7917 /* Resources */,
				743B2C6F42C835B4A6799339 /* [CP] Embed Pods Frameworks */,
			);
			buildRules = (
			);
			dependencies = (
				B6E6FBB82605B5EF000E7917 /* PBXTargetDependency */,
			);
			name = ParstagramUITests;
			productName = ParstagramUITests;
			productReference = B6E6FBB62605B5EF000E7917 /* ParstagramUITests.xctest */;
			productType = "com.apple.product-type.bundle.ui-testing";
		};
/* End PBXNativeTarget section */

/* Begin PBXProject section */
		B6E6FB8D2605B5EC000E7917 /* Project object */ = {
			isa = PBXProject;
			attributes = {
				LastSwiftUpdateCheck = 1240;
				LastUpgradeCheck = 1240;
				TargetAttributes = {
					B6E6FB942605B5EC000E7917 = {
						CreatedOnToolsVersion = 12.4;
					};
					B6E6FBAA2605B5EF000E7917 = {
						CreatedOnToolsVersion = 12.4;
						TestTargetID = B6E6FB942605B5EC000E7917;
					};
					B6E6FBB52605B5EF000E7917 = {
						CreatedOnToolsVersion = 12.4;
						TestTargetID = B6E6FB942605B5EC000E7917;
					};
				};
			};
			buildConfigurationList = B6E6FB902605B5EC000E7917 /* Build configuration list for PBXProject "Parstagram" */;
			compatibilityVersion = "Xcode 9.3";
			developmentRegion = en;
			hasScannedForEncodings = 0;
			knownRegions = (
				en,
				Base,
			);
			mainGroup = B6E6FB8C2605B5EC000E7917;
			productRefGroup = B6E6FB962605B5EC000E7917 /* Products */;
			projectDirPath = "";
			projectRoot = "";
			targets = (
				B6E6FB942605B5EC000E7917 /* Parstagram */,
				B6E6FBAA2605B5EF000E7917 /* ParstagramTests */,
				B6E6FBB52605B5EF000E7917 /* ParstagramUITests */,
			);
		};
/* End PBXProject section */

/* Begin PBXResourcesBuildPhase section */
		B6E6FB932605B5EC000E7917 /* Resources */ = {
			isa = PBXResourcesBuildPhase;
			buildActionMask = 2147483647;
			files = (
				B6E6FBA52605B5EF000E7917 /* LaunchScreen.storyboard in Resources */,
				B6E6FBA22605B5EF000E7917 /* Assets.xcassets in Resources */,
				B6E6FBA02605B5EC000E7917 /* Main.storyboard in Resources */,
			);
			runOnlyForDeploymentPostprocessing = 0;
		};
		B6E6FBA92605B5EF000E7917 /* Resources */ = {
			isa = PBXResourcesBuildPhase;
			buildActionMask = 2147483647;
			files = (
			);
			runOnlyForDeploymentPostprocessing = 0;
		};
		B6E6FBB42605B5EF000E7917 /* Resources */ = {
			isa = PBXResourcesBuildPhase;
			buildActionMask = 2147483647;
			files = (
			);
			runOnlyForDeploymentPostprocessing = 0;
		};
/* End PBXResourcesBuildPhase section */

/* Begin PBXShellScriptBuildPhase section */
		5D473D316DBE285B39C09DF0 /* [CP] Check Pods Manifest.lock */ = {
			isa = PBXShellScriptBuildPhase;
			buildActionMask = 2147483647;
			files = (
			);
			inputFileListPaths = (
			);
			inputPaths = (
				"${PODS_PODFILE_DIR_PATH}/Podfile.lock",
				"${PODS_ROOT}/Manifest.lock",
			);
			name = "[CP] Check Pods Manifest.lock";
			outputFileListPaths = (
			);
			outputPaths = (
				"$(DERIVED_FILE_DIR)/Pods-ParstagramTests-checkManifestLockResult.txt",
			);
			runOnlyForDeploymentPostprocessing = 0;
			shellPath = /bin/sh;
			shellScript = "diff \"${PODS_PODFILE_DIR_PATH}/Podfile.lock\" \"${PODS_ROOT}/Manifest.lock\" > /dev/null\nif [ $? != 0 ] ; then\n    # print error to STDERR\n    echo \"error: The sandbox is not in sync with the Podfile.lock. Run 'pod install' or update your CocoaPods installation.\" >&2\n    exit 1\nfi\n# This output is used by Xcode 'outputs' to avoid re-running this script phase.\necho \"SUCCESS\" > \"${SCRIPT_OUTPUT_FILE_0}\"\n";
			showEnvVarsInLog = 0;
		};
		743B2C6F42C835B4A6799339 /* [CP] Embed Pods Frameworks */ = {
			isa = PBXShellScriptBuildPhase;
			buildActionMask = 2147483647;
			files = (
			);
			inputFileListPaths = (
				"${PODS_ROOT}/Target Support Files/Pods-Parstagram-ParstagramUITests/Pods-Parstagram-ParstagramUITests-frameworks-${CONFIGURATION}-input-files.xcfilelist",
			);
			name = "[CP] Embed Pods Frameworks";
			outputFileListPaths = (
				"${PODS_ROOT}/Target Support Files/Pods-Parstagram-ParstagramUITests/Pods-Parstagram-ParstagramUITests-frameworks-${CONFIGURATION}-output-files.xcfilelist",
			);
			runOnlyForDeploymentPostprocessing = 0;
			shellPath = /bin/sh;
			shellScript = "\"${PODS_ROOT}/Target Support Files/Pods-Parstagram-ParstagramUITests/Pods-Parstagram-ParstagramUITests-frameworks.sh\"\n";
			showEnvVarsInLog = 0;
		};
		8686841A5DBEA09C2E4FE7CE /* [CP] Check Pods Manifest.lock */ = {
			isa = PBXShellScriptBuildPhase;
			buildActionMask = 2147483647;
			files = (
			);
			inputFileListPaths = (
			);
			inputPaths = (
				"${PODS_PODFILE_DIR_PATH}/Podfile.lock",
				"${PODS_ROOT}/Manifest.lock",
			);
			name = "[CP] Check Pods Manifest.lock";
			outputFileListPaths = (
			);
			outputPaths = (
				"$(DERIVED_FILE_DIR)/Pods-Parstagram-ParstagramUITests-checkManifestLockResult.txt",
			);
			runOnlyForDeploymentPostprocessing = 0;
			shellPath = /bin/sh;
			shellScript = "diff \"${PODS_PODFILE_DIR_PATH}/Podfile.lock\" \"${PODS_ROOT}/Manifest.lock\" > /dev/null\nif [ $? != 0 ] ; then\n    # print error to STDERR\n    echo \"error: The sandbox is not in sync with the Podfile.lock. Run 'pod install' or update your CocoaPods installation.\" >&2\n    exit 1\nfi\n# This output is used by Xcode 'outputs' to avoid re-running this script phase.\necho \"SUCCESS\" > \"${SCRIPT_OUTPUT_FILE_0}\"\n";
			showEnvVarsInLog = 0;
		};
		CEE862D5A4094ABE5BAD48D0 /* [CP] Check Pods Manifest.lock */ = {
			isa = PBXShellScriptBuildPhase;
			buildActionMask = 2147483647;
			files = (
			);
			inputFileListPaths = (
			);
			inputPaths = (
				"${PODS_PODFILE_DIR_PATH}/Podfile.lock",
				"${PODS_ROOT}/Manifest.lock",
			);
			name = "[CP] Check Pods Manifest.lock";
			outputFileListPaths = (
			);
			outputPaths = (
				"$(DERIVED_FILE_DIR)/Pods-Parstagram-checkManifestLockResult.txt",
			);
			runOnlyForDeploymentPostprocessing = 0;
			shellPath = /bin/sh;
			shellScript = "diff \"${PODS_PODFILE_DIR_PATH}/Podfile.lock\" \"${PODS_ROOT}/Manifest.lock\" > /dev/null\nif [ $? != 0 ] ; then\n    # print error to STDERR\n    echo \"error: The sandbox is not in sync with the Podfile.lock. Run 'pod install' or update your CocoaPods installation.\" >&2\n    exit 1\nfi\n# This output is used by Xcode 'outputs' to avoid re-running this script phase.\necho \"SUCCESS\" > \"${SCRIPT_OUTPUT_FILE_0}\"\n";
			showEnvVarsInLog = 0;
		};
		D5F47E08D2A2D673F78CE6CB /* [CP] Embed Pods Frameworks */ = {
			isa = PBXShellScriptBuildPhase;
			buildActionMask = 2147483647;
			files = (
			);
			inputFileListPaths = (
				"${PODS_ROOT}/Target Support Files/Pods-Parstagram/Pods-Parstagram-frameworks-${CONFIGURATION}-input-files.xcfilelist",
			);
			name = "[CP] Embed Pods Frameworks";
			outputFileListPaths = (
				"${PODS_ROOT}/Target Support Files/Pods-Parstagram/Pods-Parstagram-frameworks-${CONFIGURATION}-output-files.xcfilelist",
			);
			runOnlyForDeploymentPostprocessing = 0;
			shellPath = /bin/sh;
			shellScript = "\"${PODS_ROOT}/Target Support Files/Pods-Parstagram/Pods-Parstagram-frameworks.sh\"\n";
			showEnvVarsInLog = 0;
		};
/* End PBXShellScriptBuildPhase section */

/* Begin PBXSourcesBuildPhase section */
		B6E6FB912605B5EC000E7917 /* Sources */ = {
			isa = PBXSourcesBuildPhase;
			buildActionMask = 2147483647;
			files = (
				B6E6FBDB2605B90D000E7917 /* LoginViewController.swift in Sources */,
				B6E6FBE52605C469000E7917 /* CameraViewController.swift in Sources */,
				B6E6FB992605B5EC000E7917 /* AppDelegate.swift in Sources */,
				B6E6FBE02605B926000E7917 /* FeedViewController.swift in Sources */,
				B6E6FB9B2605B5EC000E7917 /* SceneDelegate.swift in Sources */,
				B604DCEE2605D8BA00B14088 /* PostCell.swift in Sources */,
				B662207B260F0A3C00E62D51 /* CommentCell.swift in Sources */,
			);
			runOnlyForDeploymentPostprocessing = 0;
		};
		B6E6FBA72605B5EF000E7917 /* Sources */ = {
			isa = PBXSourcesBuildPhase;
			buildActionMask = 2147483647;
			files = (
				B6E6FBB02605B5EF000E7917 /* ParstagramTests.swift in Sources */,
			);
			runOnlyForDeploymentPostprocessing = 0;
		};
		B6E6FBB22605B5EF000E7917 /* Sources */ = {
			isa = PBXSourcesBuildPhase;
			buildActionMask = 2147483647;
			files = (
				B6E6FBBB2605B5EF000E7917 /* ParstagramUITests.swift in Sources */,
			);
			runOnlyForDeploymentPostprocessing = 0;
		};
/* End PBXSourcesBuildPhase section */

/* Begin PBXTargetDependency section */
		B6E6FBAD2605B5EF000E7917 /* PBXTargetDependency */ = {
			isa = PBXTargetDependency;
			target = B6E6FB942605B5EC000E7917 /* Parstagram */;
			targetProxy = B6E6FBAC2605B5EF000E7917 /* PBXContainerItemProxy */;
		};
		B6E6FBB82605B5EF000E7917 /* PBXTargetDependency */ = {
			isa = PBXTargetDependency;
			target = B6E6FB942605B5EC000E7917 /* Parstagram */;
			targetProxy = B6E6FBB72605B5EF000E7917 /* PBXContainerItemProxy */;
		};
/* End PBXTargetDependency section */

/* Begin PBXVariantGroup section */
		B6E6FB9E2605B5EC000E7917 /* Main.storyboard */ = {
			isa = PBXVariantGroup;
			children = (
				B6E6FB9F2605B5EC000E7917 /* Base */,
			);
			name = Main.storyboard;
			sourceTree = "<group>";
		};
		B6E6FBA32605B5EF000E7917 /* LaunchScreen.storyboard */ = {
			isa = PBXVariantGroup;
			children = (
				B6E6FBA42605B5EF000E7917 /* Base */,
			);
			name = LaunchScreen.storyboard;
			sourceTree = "<group>";
		};
/* End PBXVariantGroup section */

/* Begin XCBuildConfiguration section */
		B6E6FBBD2605B5EF000E7917 /* Debug */ = {
			isa = XCBuildConfiguration;
			buildSettings = {
				ALWAYS_SEARCH_USER_PATHS = NO;
				CLANG_ANALYZER_NONNULL = YES;
				CLANG_ANALYZER_NUMBER_OBJECT_CONVERSION = YES_AGGRESSIVE;
				CLANG_CXX_LANGUAGE_STANDARD = "gnu++14";
				CLANG_CXX_LIBRARY = "libc++";
				CLANG_ENABLE_MODULES = YES;
				CLANG_ENABLE_OBJC_ARC = YES;
				CLANG_ENABLE_OBJC_WEAK = YES;
				CLANG_WARN_BLOCK_CAPTURE_AUTORELEASING = YES;
				CLANG_WARN_BOOL_CONVERSION = YES;
				CLANG_WARN_COMMA = YES;
				CLANG_WARN_CONSTANT_CONVERSION = YES;
				CLANG_WARN_DEPRECATED_OBJC_IMPLEMENTATIONS = YES;
				CLANG_WARN_DIRECT_OBJC_ISA_USAGE = YES_ERROR;
				CLANG_WARN_DOCUMENTATION_COMMENTS = YES;
				CLANG_WARN_EMPTY_BODY = YES;
				CLANG_WARN_ENUM_CONVERSION = YES;
				CLANG_WARN_INFINITE_RECURSION = YES;
				CLANG_WARN_INT_CONVERSION = YES;
				CLANG_WARN_NON_LITERAL_NULL_CONVERSION = YES;
				CLANG_WARN_OBJC_IMPLICIT_RETAIN_SELF = YES;
				CLANG_WARN_OBJC_LITERAL_CONVERSION = YES;
				CLANG_WARN_OBJC_ROOT_CLASS = YES_ERROR;
				CLANG_WARN_QUOTED_INCLUDE_IN_FRAMEWORK_HEADER = YES;
				CLANG_WARN_RANGE_LOOP_ANALYSIS = YES;
				CLANG_WARN_STRICT_PROTOTYPES = YES;
				CLANG_WARN_SUSPICIOUS_MOVE = YES;
				CLANG_WARN_UNGUARDED_AVAILABILITY = YES_AGGRESSIVE;
				CLANG_WARN_UNREACHABLE_CODE = YES;
				CLANG_WARN__DUPLICATE_METHOD_MATCH = YES;
				COPY_PHASE_STRIP = NO;
				DEBUG_INFORMATION_FORMAT = dwarf;
				ENABLE_STRICT_OBJC_MSGSEND = YES;
				ENABLE_TESTABILITY = YES;
				GCC_C_LANGUAGE_STANDARD = gnu11;
				GCC_DYNAMIC_NO_PIC = NO;
				GCC_NO_COMMON_BLOCKS = YES;
				GCC_OPTIMIZATION_LEVEL = 0;
				GCC_PREPROCESSOR_DEFINITIONS = (
					"DEBUG=1",
					"$(inherited)",
				);
				GCC_WARN_64_TO_32_BIT_CONVERSION = YES;
				GCC_WARN_ABOUT_RETURN_TYPE = YES_ERROR;
				GCC_WARN_UNDECLARED_SELECTOR = YES;
				GCC_WARN_UNINITIALIZED_AUTOS = YES_AGGRESSIVE;
				GCC_WARN_UNUSED_FUNCTION = YES;
				GCC_WARN_UNUSED_VARIABLE = YES;
				IPHONEOS_DEPLOYMENT_TARGET = 14.4;
				MTL_ENABLE_DEBUG_INFO = INCLUDE_SOURCE;
				MTL_FAST_MATH = YES;
				ONLY_ACTIVE_ARCH = YES;
				SDKROOT = iphoneos;
				SWIFT_ACTIVE_COMPILATION_CONDITIONS = DEBUG;
				SWIFT_OPTIMIZATION_LEVEL = "-Onone";
			};
			name = Debug;
		};
		B6E6FBBE2605B5EF000E7917 /* Release */ = {
			isa = XCBuildConfiguration;
			buildSettings = {
				ALWAYS_SEARCH_USER_PATHS = NO;
				CLANG_ANALYZER_NONNULL = YES;
				CLANG_ANALYZER_NUMBER_OBJECT_CONVERSION = YES_AGGRESSIVE;
				CLANG_CXX_LANGUAGE_STANDARD = "gnu++14";
				CLANG_CXX_LIBRARY = "libc++";
				CLANG_ENABLE_MODULES = YES;
				CLANG_ENABLE_OBJC_ARC = YES;
				CLANG_ENABLE_OBJC_WEAK = YES;
				CLANG_WARN_BLOCK_CAPTURE_AUTORELEASING = YES;
				CLANG_WARN_BOOL_CONVERSION = YES;
				CLANG_WARN_COMMA = YES;
				CLANG_WARN_CONSTANT_CONVERSION = YES;
				CLANG_WARN_DEPRECATED_OBJC_IMPLEMENTATIONS = YES;
				CLANG_WARN_DIRECT_OBJC_ISA_USAGE = YES_ERROR;
				CLANG_WARN_DOCUMENTATION_COMMENTS = YES;
				CLANG_WARN_EMPTY_BODY = YES;
				CLANG_WARN_ENUM_CONVERSION = YES;
				CLANG_WARN_INFINITE_RECURSION = YES;
				CLANG_WARN_INT_CONVERSION = YES;
				CLANG_WARN_NON_LITERAL_NULL_CONVERSION = YES;
				CLANG_WARN_OBJC_IMPLICIT_RETAIN_SELF = YES;
				CLANG_WARN_OBJC_LITERAL_CONVERSION = YES;
				CLANG_WARN_OBJC_ROOT_CLASS = YES_ERROR;
				CLANG_WARN_QUOTED_INCLUDE_IN_FRAMEWORK_HEADER = YES;
				CLANG_WARN_RANGE_LOOP_ANALYSIS = YES;
				CLANG_WARN_STRICT_PROTOTYPES = YES;
				CLANG_WARN_SUSPICIOUS_MOVE = YES;
				CLANG_WARN_UNGUARDED_AVAILABILITY = YES_AGGRESSIVE;
				CLANG_WARN_UNREACHABLE_CODE = YES;
				CLANG_WARN__DUPLICATE_METHOD_MATCH = YES;
				COPY_PHASE_STRIP = NO;
				DEBUG_INFORMATION_FORMAT = "dwarf-with-dsym";
				ENABLE_NS_ASSERTIONS = NO;
				ENABLE_STRICT_OBJC_MSGSEND = YES;
				GCC_C_LANGUAGE_STANDARD = gnu11;
				GCC_NO_COMMON_BLOCKS = YES;
				GCC_WARN_64_TO_32_BIT_CONVERSION = YES;
				GCC_WARN_ABOUT_RETURN_TYPE = YES_ERROR;
				GCC_WARN_UNDECLARED_SELECTOR = YES;
				GCC_WARN_UNINITIALIZED_AUTOS = YES_AGGRESSIVE;
				GCC_WARN_UNUSED_FUNCTION = YES;
				GCC_WARN_UNUSED_VARIABLE = YES;
				IPHONEOS_DEPLOYMENT_TARGET = 14.4;
				MTL_ENABLE_DEBUG_INFO = NO;
				MTL_FAST_MATH = YES;
				SDKROOT = iphoneos;
				SWIFT_COMPILATION_MODE = wholemodule;
				SWIFT_OPTIMIZATION_LEVEL = "-O";
				VALIDATE_PRODUCT = YES;
			};
			name = Release;
		};
		B6E6FBC02605B5EF000E7917 /* Debug */ = {
			isa = XCBuildConfiguration;
			baseConfigurationReference = 4145CC594793CB070AB90166 /* Pods-Parstagram.debug.xcconfig */;
			buildSettings = {
				ASSETCATALOG_COMPILER_APPICON_NAME = AppIcon;
				ASSETCATALOG_COMPILER_GLOBAL_ACCENT_COLOR_NAME = AccentColor;
				CODE_SIGN_STYLE = Automatic;
				DEVELOPMENT_TEAM = UW3HYL52NX;
				INFOPLIST_FILE = Parstagram/Info.plist;
				LD_RUNPATH_SEARCH_PATHS = (
					"$(inherited)",
					"@executable_path/Frameworks",
				);
				PRODUCT_BUNDLE_IDENTIFIER = memo.com.Parstagram;
				PRODUCT_NAME = "$(TARGET_NAME)";
				SWIFT_VERSION = 5.0;
				TARGETED_DEVICE_FAMILY = "1,2";
			};
			name = Debug;
		};
		B6E6FBC12605B5EF000E7917 /* Release */ = {
			isa = XCBuildConfiguration;
			baseConfigurationReference = B2739D4102AEA6712C0516C0 /* Pods-Parstagram.release.xcconfig */;
			buildSettings = {
				ASSETCATALOG_COMPILER_APPICON_NAME = AppIcon;
				ASSETCATALOG_COMPILER_GLOBAL_ACCENT_COLOR_NAME = AccentColor;
				CODE_SIGN_STYLE = Automatic;
				DEVELOPMENT_TEAM = UW3HYL52NX;
				INFOPLIST_FILE = Parstagram/Info.plist;
				LD_RUNPATH_SEARCH_PATHS = (
					"$(inherited)",
					"@executable_path/Frameworks",
				);
				PRODUCT_BUNDLE_IDENTIFIER = memo.com.Parstagram;
				PRODUCT_NAME = "$(TARGET_NAME)";
				SWIFT_VERSION = 5.0;
				TARGETED_DEVICE_FAMILY = "1,2";
			};
			name = Release;
		};
		B6E6FBC32605B5EF000E7917 /* Debug */ = {
			isa = XCBuildConfiguration;
			baseConfigurationReference = 9B1BB1924283BEB39E95D6A0 /* Pods-ParstagramTests.debug.xcconfig */;
			buildSettings = {
				ALWAYS_EMBED_SWIFT_STANDARD_LIBRARIES = YES;
				BUNDLE_LOADER = "$(TEST_HOST)";
				CODE_SIGN_STYLE = Automatic;
				DEVELOPMENT_TEAM = UW3HYL52NX;
				INFOPLIST_FILE = ParstagramTests/Info.plist;
				IPHONEOS_DEPLOYMENT_TARGET = 14.4;
				LD_RUNPATH_SEARCH_PATHS = (
					"$(inherited)",
					"@executable_path/Frameworks",
					"@loader_path/Frameworks",
				);
				PRODUCT_BUNDLE_IDENTIFIER = memo.com.ParstagramTests;
				PRODUCT_NAME = "$(TARGET_NAME)";
				SWIFT_VERSION = 5.0;
				TARGETED_DEVICE_FAMILY = "1,2";
				TEST_HOST = "$(BUILT_PRODUCTS_DIR)/Parstagram.app/Parstagram";
			};
			name = Debug;
		};
		B6E6FBC42605B5EF000E7917 /* Release */ = {
			isa = XCBuildConfiguration;
			baseConfigurationReference = 970F6207317929F1109E979C /* Pods-ParstagramTests.release.xcconfig */;
			buildSettings = {
				ALWAYS_EMBED_SWIFT_STANDARD_LIBRARIES = YES;
				BUNDLE_LOADER = "$(TEST_HOST)";
				CODE_SIGN_STYLE = Automatic;
				DEVELOPMENT_TEAM = UW3HYL52NX;
				INFOPLIST_FILE = ParstagramTests/Info.plist;
				IPHONEOS_DEPLOYMENT_TARGET = 14.4;
				LD_RUNPATH_SEARCH_PATHS = (
					"$(inherited)",
					"@executable_path/Frameworks",
					"@loader_path/Frameworks",
				);
				PRODUCT_BUNDLE_IDENTIFIER = memo.com.ParstagramTests;
				PRODUCT_NAME = "$(TARGET_NAME)";
				SWIFT_VERSION = 5.0;
				TARGETED_DEVICE_FAMILY = "1,2";
				TEST_HOST = "$(BUILT_PRODUCTS_DIR)/Parstagram.app/Parstagram";
			};
			name = Release;
		};
		B6E6FBC62605B5EF000E7917 /* Debug */ = {
			isa = XCBuildConfiguration;
			baseConfigurationReference = A1A0ACEE43087A3422AD465B /* Pods-Parstagram-ParstagramUITests.debug.xcconfig */;
			buildSettings = {
				ALWAYS_EMBED_SWIFT_STANDARD_LIBRARIES = YES;
				CODE_SIGN_STYLE = Automatic;
				DEVELOPMENT_TEAM = UW3HYL52NX;
				INFOPLIST_FILE = ParstagramUITests/Info.plist;
				LD_RUNPATH_SEARCH_PATHS = (
					"$(inherited)",
					"@executable_path/Frameworks",
					"@loader_path/Frameworks",
				);
				PRODUCT_BUNDLE_IDENTIFIER = memo.com.ParstagramUITests;
				PRODUCT_NAME = "$(TARGET_NAME)";
				SWIFT_VERSION = 5.0;
				TARGETED_DEVICE_FAMILY = "1,2";
				TEST_TARGET_NAME = Parstagram;
			};
			name = Debug;
		};
		B6E6FBC72605B5EF000E7917 /* Release */ = {
			isa = XCBuildConfiguration;
			baseConfigurationReference = 981E3760C0770761E4347D9E /* Pods-Parstagram-ParstagramUITests.release.xcconfig */;
			buildSettings = {
				ALWAYS_EMBED_SWIFT_STANDARD_LIBRARIES = YES;
				CODE_SIGN_STYLE = Automatic;
				DEVELOPMENT_TEAM = UW3HYL52NX;
				INFOPLIST_FILE = ParstagramUITests/Info.plist;
				LD_RUNPATH_SEARCH_PATHS = (
					"$(inherited)",
					"@executable_path/Frameworks",
					"@loader_path/Frameworks",
				);
				PRODUCT_BUNDLE_IDENTIFIER = memo.com.ParstagramUITests;
				PRODUCT_NAME = "$(TARGET_NAME)";
				SWIFT_VERSION = 5.0;
				TARGETED_DEVICE_FAMILY = "1,2";
				TEST_TARGET_NAME = Parstagram;
			};
			name = Release;
		};
/* End XCBuildConfiguration section */

/* Begin XCConfigurationList section */
		B6E6FB902605B5EC000E7917 /* Build configuration list for PBXProject "Parstagram" */ = {
			isa = XCConfigurationList;
			buildConfigurations = (
				B6E6FBBD2605B5EF000E7917 /* Debug */,
				B6E6FBBE2605B5EF000E7917 /* Release */,
			);
			defaultConfigurationIsVisible = 0;
			defaultConfigurationName = Release;
		};
		B6E6FBBF2605B5EF000E7917 /* Build configuration list for PBXNativeTarget "Parstagram" */ = {
			isa = XCConfigurationList;
			buildConfigurations = (
				B6E6FBC02605B5EF000E7917 /* Debug */,
				B6E6FBC12605B5EF000E7917 /* Release */,
			);
			defaultConfigurationIsVisible = 0;
			defaultConfigurationName = Release;
		};
		B6E6FBC22605B5EF000E7917 /* Build configuration list for PBXNativeTarget "ParstagramTests" */ = {
			isa = XCConfigurationList;
			buildConfigurations = (
				B6E6FBC32605B5EF000E7917 /* Debug */,
				B6E6FBC42605B5EF000E7917 /* Release */,
			);
			defaultConfigurationIsVisible = 0;
			defaultConfigurationName = Release;
		};
		B6E6FBC52605B5EF000E7917 /* Build configuration list for PBXNativeTarget "ParstagramUITests" */ = {
			isa = XCConfigurationList;
			buildConfigurations = (
				B6E6FBC62605B5EF000E7917 /* Debug */,
				B6E6FBC72605B5EF000E7917 /* Release */,
			);
			defaultConfigurationIsVisible = 0;
			defaultConfigurationName = Release;
		};
/* End XCConfigurationList section */
	};
	rootObject = B6E6FB8D2605B5EC000E7917 /* Project object */;
}
